# THIS IS AN AUTOGENERATED FILE. DO NOT EDIT THIS FILE DIRECTLY.
# yarn lockfile v1
balanced-match@^0.4.1, balanced-match@^0.4.2:
  version "0.4.2"
  resolved "https://registry.yarnpkg.com/balanced-match/-/balanced-match-0.4.2.tgz#cb3f3e3c732dc0f01ee70b403f302e61d7709838"

brace-expansion@^1.0.0, brace-expansion@^1.1.6:
  version "1.1.6"
  resolved "https://registry.yarnpkg.com/brace-expansion/-/brace-expansion-1.1.6.tgz#7197d7eaa9b87e648390ea61fc66c84427420df9"
  dependencies:
    balanced-match "^0.4.1"
    concat-map "0.0.1"

builtin-modules@^1.0.0, builtin-modules@^1.1.1:
  version "1.1.1"
  resolved "https://registry.yarnpkg.com/builtin-modules/-/builtin-modules-1.1.1.tgz#270f076c5a72c02f5b65a47df94c5fe3a278892f"

builtins@^1.0.3:
  version "1.0.3"
  resolved "https://registry.yarnpkg.com/builtins/-/builtins-1.0.3.tgz#cb94faeb61c8696451db36534e1422f94f0aee88"

builtins@0.0.7:
  version "0.0.7"
  resolved "https://registry.yarnpkg.com/builtins/-/builtins-0.0.7.tgz#355219cd6cf18dbe7c01cc7fd2dce765cfdc549a"

concat-map@^0.0.1, concat-map@0.0.1:
  version "0.0.1"
  resolved "https://registry.yarnpkg.com/concat-map/-/concat-map-0.0.1.tgz#d8a96bd77fd68df7793a73036a3ba0d5405d477b"

find-root@^0.1.1:
  version "0.1.2"
  resolved "https://registry.yarnpkg.com/find-root/-/find-root-0.1.2.tgz#98d2267cff1916ccaf2743b3a0eea81d79d7dcd1"

find-root@^1.0.0:
  version "1.0.0"
  resolved "https://registry.yarnpkg.com/find-root/-/find-root-1.0.0.tgz#962ff211aab25c6520feeeb8d6287f8f6e95807a"

fs.realpath@^1.0.0:
  version "1.0.0"
  resolved "https://registry.yarnpkg.com/fs.realpath/-/fs.realpath-1.0.0.tgz#1504ad2523158caa40db4a2787cb01411994ea4f"

glob@^6.0.0:
  version "6.0.4"
  resolved "https://registry.yarnpkg.com/glob/-/glob-6.0.4.tgz#0f08860f6a155127b2fadd4f9ce24b1aab6e4d22"
  dependencies:
    inflight "^1.0.4"
    inherits "2"
    minimatch "2 || 3"
    once "^1.3.0"
    path-is-absolute "^1.0.0"

glob@^7.1.1:
  version "7.1.1"
  resolved "https://registry.yarnpkg.com/glob/-/glob-7.1.1.tgz#805211df04faaf1c63a3600306cdf5ade50b2ec8"
  dependencies:
    fs.realpath "^1.0.0"
    inflight "^1.0.4"
    inherits "2"
    minimatch "^3.0.2"
    once "^1.3.0"
    path-is-absolute "^1.0.0"

graceful-fs@^4.1.11, graceful-fs@^4.1.2:
  version "4.1.11"
  resolved "https://registry.yarnpkg.com/graceful-fs/-/graceful-fs-4.1.11.tgz#0e8bdfe4d1ddb8854d64e04ea7c00e2a026e5658"

hosted-git-info@^2.1.4, hosted-git-info@^2.1.5, hosted-git-info@^2.2.0:
  version "2.2.0"
  resolved "https://registry.yarnpkg.com/hosted-git-info/-/hosted-git-info-2.2.0.tgz#7a0d097863d886c0fabbdcd37bf1758d8becf8a5"

inflight@^1.0.4, inflight@^1.0.6:
  version "1.0.6"
  resolved "https://registry.yarnpkg.com/inflight/-/inflight-1.0.6.tgz#49bd6331d7d02d0c09bc910a1075ba8165b56df9"
  dependencies:
    once "^1.3.0"
    wrappy "1"

inherits@^2.0.3, inherits@2:
  version "2.0.3"
  resolved "https://registry.yarnpkg.com/inherits/-/inherits-2.0.3.tgz#633c2c83e3da42a502f52466022480f4208261de"

init-package-json@^1.7.1, init-package-json@^1.9.4:
  version "1.9.4"
  resolved "https://registry.yarnpkg.com/init-package-json/-/init-package-json-1.9.4.tgz#b4053d0b40f0cf842a41966937cb3dc0f534e856"
  dependencies:
    glob "^6.0.0"
    npm-package-arg "^4.0.0"
    promzard "^0.3.0"
    read "~1.0.1"
    read-package-json "1 || 2"
    semver "2.x || 3.x || 4 || 5"
    validate-npm-package-license "^3.0.1"
    validate-npm-package-name "^2.0.1"

is-builtin-module@^1.0.0:
  version "1.0.0"
  resolved "https://registry.yarnpkg.com/is-builtin-module/-/is-builtin-module-1.0.0.tgz#540572d34f7ac3119f8f76c30cbc1b1e037affbe"
  dependencies:
    builtin-modules "^1.0.0"

jju@^1.1.0, jju@^1.3.0:
  version "1.3.0"
  resolved "https://registry.yarnpkg.com/jju/-/jju-1.3.0.tgz#dadd9ef01924bc728b03f2f7979bdbd62f7a2aaa"

json-parse-helpfulerror@^1.0.2, json-parse-helpfulerror@^1.0.3:
  version "1.0.3"
  resolved "https://registry.yarnpkg.com/json-parse-helpfulerror/-/json-parse-helpfulerror-1.0.3.tgz#13f14ce02eed4e981297b64eb9e3b932e2dd13dc"
  dependencies:
    jju "^1.1.0"

minimatch@^3.0.2, minimatch@^3.0.3, "minimatch@2 || 3":
  version "3.0.3"
  resolved "https://registry.yarnpkg.com/minimatch/-/minimatch-3.0.3.tgz#2a4e4090b96b2db06a9d7df01055a62a77c9b774"
  dependencies:
    brace-expansion "^1.0.0"

mute-stream@^0.0.7, mute-stream@~0.0.4:
  version "0.0.7"
  resolved "https://registry.yarnpkg.com/mute-stream/-/mute-stream-0.0.7.tgz#3075ce93bc21b8fab43e1bc4da7e8115ed1e7bab"

normalize-package-data@^2.0.0, normalize-package-data@^2.3.5:
  version "2.3.5"
  resolved "https://registry.yarnpkg.com/normalize-package-data/-/normalize-package-data-2.3.5.tgz#8d924f142960e1777e7ffe170543631cc7cb02df"
  dependencies:
    hosted-git-info "^2.1.4"
    is-builtin-module "^1.0.0"
    semver "2 || 3 || 4 || 5"
    validate-npm-package-license "^3.0.1"

npm-autoinit@^0.2.0:
  version "0.2.0"
  resolved "https://registry.yarnpkg.com/npm-autoinit/-/npm-autoinit-0.2.0.tgz#d01aec4f0145a89147b3d4b332b9060b15edc73a"
  dependencies:
    find-root "^0.1.1"
    init-package-json "^1.7.1"

npm-package-arg@^4.0.0, npm-package-arg@^4.2.0:
  version "4.2.0"
  resolved "https://registry.yarnpkg.com/npm-package-arg/-/npm-package-arg-4.2.0.tgz#809bc61cabf54bd5ff94f6165c89ba8ee88c115c"
  dependencies:
    hosted-git-info "^2.1.5"
    semver "^5.1.0"

once@^1.3.0, once@^1.4.0:
  version "1.4.0"
  resolved "https://registry.yarnpkg.com/once/-/once-1.4.0.tgz#583b1aa775961d4b113ac17d9c50baef9dd76bd1"
  dependencies:
    wrappy "1"

path-is-absolute@^1.0.0, path-is-absolute@^1.0.1:
  version "1.0.1"
  resolved "https://registry.yarnpkg.com/path-is-absolute/-/path-is-absolute-1.0.1.tgz#174b9268735534ffbc7ace6bf53a5a9e1b5c5f5f"

promzard@^0.3.0:
  version "0.3.0"
  resolved "https://registry.yarnpkg.com/promzard/-/promzard-0.3.0.tgz#26a5d6ee8c7dee4cb12208305acfb93ba382a9ee"
  dependencies:
    read "1"

read-package-json@^2.0.4, "read-package-json@1 || 2":
  version "2.0.4"
  resolved "https://registry.yarnpkg.com/read-package-json/-/read-package-json-2.0.4.tgz#61ed1b2256ea438d8008895090be84b8e799c853"
  dependencies:
    glob "^6.0.0"
    json-parse-helpfulerror "^1.0.2"
    normalize-package-data "^2.0.0"
  optionalDependencies:
    graceful-fs "^4.1.2"

read@^1.0.7, read@~1.0.1, read@1:
  version "1.0.7"
  resolved "https://registry.yarnpkg.com/read/-/read-1.0.7.tgz#b3da19bd052431a97671d44a42634adf710b40c4"
  dependencies:
    mute-stream "~0.0.4"

semver@^5.1.0, semver@^5.3.0, "semver@2 || 3 || 4 || 5", "semver@2.x || 3.x || 4 || 5":
  version "5.3.0"
  resolved "https://registry.yarnpkg.com/semver/-/semver-5.3.0.tgz#9b2ce5d3de02d17c6012ad326aa6b4d0cf54f94f"

spdx-correct@^2.0.0:
  version "2.0.0"
  resolved "https://registry.yarnpkg.com/spdx-correct/-/spdx-correct-2.0.0.tgz#afc1a13831bc9bdf17150f83c781046ab523021d"
  dependencies:
    spdx-expression-parse "^1.0.4"

spdx-correct@~1.0.0:
  version "1.0.2"
  resolved "https://registry.yarnpkg.com/spdx-correct/-/spdx-correct-1.0.2.tgz#4b3073d933ff51f3912f03ac5519498a4150db40"
  dependencies:
    spdx-license-ids "^1.0.2"

spdx-expression-parse@^1.0.4, spdx-expression-parse@~1.0.0:
  version "1.0.4"
  resolved "https://registry.yarnpkg.com/spdx-expression-parse/-/spdx-expression-parse-1.0.4.tgz#9bdf2f20e1f40ed447fbe273266191fced51626c"

spdx-license-ids@^1.0.2:
  version "1.2.2"
  resolved "https://registry.yarnpkg.com/spdx-license-ids/-/spdx-license-ids-1.2.2.tgz#c9df7a3424594ade6bd11900d596696dc06bac57"

spdx-license-ids@^2.0.1:
  version "2.0.1"
  resolved "https://registry.yarnpkg.com/spdx-license-ids/-/spdx-license-ids-2.0.1.tgz#02017bcc3534ee4ffef6d58d20e7d3e9a1c3c8ec"

validate-npm-package-license@^3.0.1:
  version "3.0.1"
  resolved "https://registry.yarnpkg.com/validate-npm-package-license/-/validate-npm-package-license-3.0.1.tgz#2804babe712ad3379459acfbe24746ab2c303fbc"
  dependencies:
    spdx-correct "~1.0.0"
    spdx-expression-parse "~1.0.0"

validate-npm-package-name@^2.0.1:
  version "2.2.2"
  resolved "https://registry.yarnpkg.com/validate-npm-package-name/-/validate-npm-package-name-2.2.2.tgz#f65695b22f7324442019a3c7fa39a6e7fd299085"
  dependencies:
    builtins "0.0.7"

validate-npm-package-name@^3.0.0:
  version "3.0.0"
  resolved "https://registry.yarnpkg.com/validate-npm-package-name/-/validate-npm-package-name-3.0.0.tgz#5fa912d81eb7d0c74afc140de7317f0ca7df437e"
  dependencies:
    builtins "^1.0.3"

wrappy@^1.0.2, wrappy@1:
  version "1.0.2"
  resolved "https://registry.yarnpkg.com/wrappy/-/wrappy-1.0.2.tgz#b5243d8f3ec1aa35f1364605bc0d1036e30ab69f"

